
Microsoft Visual Studio Solution File, Format Version 12.00
# Visual Studio 15
VisualStudioVersion = 15.0.28010.2046
MinimumVisualStudioVersion = 10.0.40219.1
Project("{FAE04EC0-301F-11D3-BF4B-00C04F79EFBC}") = "ShopApplicationWpf", "ShopApplicationWpf\ShopApplicationWpf.csproj", "{DFB4DAC3-EA5A-433D-B015-68F93168FD99}"
EndProject
Global
	GlobalSection(SolutionConfigurationPlatforms) = preSolution
		Debug|Any CPU = Debug|Any CPU
		Release|Any CPU = Release|Any CPU
	EndGlobalSection
	GlobalSection(ProjectConfigurationPlatforms) = postSolution
		{DFB4DAC3-EA5A-433D-B015-68F93168FD99}.Debug|Any CPU.ActiveCfg = Debug|Any CPU
		{DFB4DAC3-EA5A-433D-B015-68F93168FD99}.Debug|Any CPU.Build.0 = Debug|Any CPU
		{DFB4DAC3-EA5A-433D-B015-68F93168FD99}.Release|Any CPU.ActiveCfg = Release|Any CPU
		{DFB4DAC3-EA5A-433D-B015-68F93168FD99}.Release|Any CPU.Build.0 = Release|Any CPU
	EndGlobalSection
	GlobalSection(SolutionProperties) = preSolution
		HideSolutionNode = FALSE
	EndGlobalSection
	GlobalSection(ExtensibilityGlobals) = postSolution
		SolutionGuid = {C26604B9-5429-4CF0-8752-A749F2FC933B}
	EndGlobalSection
EndGlobal
