
Microsoft Visual Studio Solution File, Format Version 12.00
# Visual Studio 15
VisualStudioVersion = 15.0.28010.2046
MinimumVisualStudioVersion = 10.0.40219.1
Project("{FAE04EC0-301F-11D3-BF4B-00C04F79EFBC}") = "V02_MVC", "V02_MVC\V02_MVC.csproj", "{7D4C096D-6D5B-4BBA-A073-48370A2C6258}"
EndProject
Global
	GlobalSection(SolutionConfigurationPlatforms) = preSolution
		Debug|Any CPU = Debug|Any CPU
		Release|Any CPU = Release|Any CPU
	EndGlobalSection
	GlobalSection(ProjectConfigurationPlatforms) = postSolution
		{7D4C096D-6D5B-4BBA-A073-48370A2C6258}.Debug|Any CPU.ActiveCfg = Debug|Any CPU
		{7D4C096D-6D5B-4BBA-A073-48370A2C6258}.Debug|Any CPU.Build.0 = Debug|Any CPU
		{7D4C096D-6D5B-4BBA-A073-48370A2C6258}.Release|Any CPU.ActiveCfg = Release|Any CPU
		{7D4C096D-6D5B-4BBA-A073-48370A2C6258}.Release|Any CPU.Build.0 = Release|Any CPU
	EndGlobalSection
	GlobalSection(SolutionProperties) = preSolution
		HideSolutionNode = FALSE
	EndGlobalSection
	GlobalSection(ExtensibilityGlobals) = postSolution
		SolutionGuid = {03717D1B-98BA-42A3-A4E2-8029BCD02AF9}
	EndGlobalSection
EndGlobal
